
Microsoft Visual Studio Solution File, Format Version 12.00
# Visual Studio Version 17
VisualStudioVersion = 17.11.35327.3
MinimumVisualStudioVersion = 10.0.40219.1
Project("{9A19103F-16F7-4668-BE54-9A1E7A4F7556}") = "TrainingTask", "TrainingTask\TrainingTask.csproj", "{DC1C9D23-CDCF-4D46-A5D4-167768826143}"
EndProject
Project("{FAE04EC0-301F-11D3-BF4B-00C04F79EFBC}") = "Trainingtask.Models", "Trainingtask.Models\Trainingtask.Models.csproj", "{2D982CBB-E5D8-4655-BBAC-222CB3443959}"
EndProject
Project("{FAE04EC0-301F-11D3-BF4B-00C04F79EFBC}") = "Training.DataAccess", "Training.DataAccess\Training.DataAccess.csproj", "{344D452A-FEB3-4E8F-815A-9BCC7E175AE9}"
EndProject
Global
	GlobalSection(SolutionConfigurationPlatforms) = preSolution
		Debug|Any CPU = Debug|Any CPU
		Release|Any CPU = Release|Any CPU
	EndGlobalSection
	GlobalSection(ProjectConfigurationPlatforms) = postSolution
		{DC1C9D23-CDCF-4D46-A5D4-167768826143}.Debug|Any CPU.ActiveCfg = Debug|Any CPU
		{DC1C9D23-CDCF-4D46-A5D4-167768826143}.Debug|Any CPU.Build.0 = Debug|Any CPU
		{DC1C9D23-CDCF-4D46-A5D4-167768826143}.Release|Any CPU.ActiveCfg = Release|Any CPU
		{DC1C9D23-CDCF-4D46-A5D4-167768826143}.Release|Any CPU.Build.0 = Release|Any CPU
		{2D982CBB-E5D8-4655-BBAC-222CB3443959}.Debug|Any CPU.ActiveCfg = Debug|Any CPU
		{2D982CBB-E5D8-4655-BBAC-222CB3443959}.Debug|Any CPU.Build.0 = Debug|Any CPU
		{2D982CBB-E5D8-4655-BBAC-222CB3443959}.Release|Any CPU.ActiveCfg = Release|Any CPU
		{2D982CBB-E5D8-4655-BBAC-222CB3443959}.Release|Any CPU.Build.0 = Release|Any CPU
		{344D452A-FEB3-4E8F-815A-9BCC7E175AE9}.Debug|Any CPU.ActiveCfg = Debug|Any CPU
		{344D452A-FEB3-4E8F-815A-9BCC7E175AE9}.Debug|Any CPU.Build.0 = Debug|Any CPU
		{344D452A-FEB3-4E8F-815A-9BCC7E175AE9}.Release|Any CPU.ActiveCfg = Release|Any CPU
		{344D452A-FEB3-4E8F-815A-9BCC7E175AE9}.Release|Any CPU.Build.0 = Release|Any CPU
	EndGlobalSection
	GlobalSection(SolutionProperties) = preSolution
		HideSolutionNode = FALSE
	EndGlobalSection
	GlobalSection(ExtensibilityGlobals) = postSolution
		SolutionGuid = {8C5D0E62-1CE7-41D2-A16B-2B510B7CA10D}
	EndGlobalSection
EndGlobal
